
Microsoft Visual Studio Solution File, Format Version 12.00
# Visual Studio Version 16
VisualStudioVersion = 16.0.30413.136
MinimumVisualStudioVersion = 10.0.40219.1
Project("{FAE04EC0-301F-11D3-BF4B-00C04F79EFBC}") = "NeuralNetwork", "NeuralNetwork\NeuralNetwork.csproj", "{3AF23292-AE4F-406F-A1E2-B2DD390E672F}"
EndProject
Global
	GlobalSection(SolutionConfigurationPlatforms) = preSolution
		Debug|Any CPU = Debug|Any CPU
		Release|Any CPU = Release|Any CPU
	EndGlobalSection
	GlobalSection(ProjectConfigurationPlatforms) = postSolution
		{3AF23292-AE4F-406F-A1E2-B2DD390E672F}.Debug|Any CPU.ActiveCfg = Debug|Any CPU
		{3AF23292-AE4F-406F-A1E2-B2DD390E672F}.Debug|Any CPU.Build.0 = Debug|Any CPU
		{3AF23292-AE4F-406F-A1E2-B2DD390E672F}.Release|Any CPU.ActiveCfg = Release|Any CPU
		{3AF23292-AE4F-406F-A1E2-B2DD390E672F}.Release|Any CPU.Build.0 = Release|Any CPU
	EndGlobalSection
	GlobalSection(SolutionProperties) = preSolution
		HideSolutionNode = FALSE
	EndGlobalSection
	GlobalSection(ExtensibilityGlobals) = postSolution
		SolutionGuid = {8E3B0A72-50F0-4121-B057-487B2B34AE4F}
	EndGlobalSection
EndGlobal
